// !$*UTF8*$!
{
	archiveVersion = 1;
	classes = {
	};
	objectVersion = 56;
	objects = {

/* Begin PBXBuildFile section */
		EFE7D8552B89CE5A00D1F1C9 /* youtube_mini_playerApp.swift in Sources */ = {isa = PBXBuildFile; fileRef = EFE7D8542B89CE5A00D1F1C9 /* youtube_mini_playerApp.swift */; };
		EFE7D8572B89CE5A00D1F1C9 /* ContentView.swift in Sources */ = {isa = PBXBuildFile; fileRef = EFE7D8562B89CE5A00D1F1C9 /* ContentView.swift */; };
		EFE7D8592B89CE5B00D1F1C9 /* Assets.xcassets in Resources */ = {isa = PBXBuildFile; fileRef = EFE7D8582B89CE5B00D1F1C9 /* Assets.xcassets */; };
		EFE7D85C2B89CE5B00D1F1C9 /* Preview Assets.xcassets in Resources */ = {isa = PBXBuildFile; fileRef = EFE7D85B2B89CE5B00D1F1C9 /* Preview Assets.xcassets */; };
		EFE7D8662B89CF5C00D1F1C9 /* Tab.swift in Sources */ = {isa = PBXBuildFile; fileRef = EFE7D8652B89CF5C00D1F1C9 /* Tab.swift */; };
		EFE7D8682B89CFEE00D1F1C9 /* Home.swift in Sources */ = {isa = PBXBuildFile; fileRef = EFE7D8672B89CFEE00D1F1C9 /* Home.swift */; };
		EFE7D86A2B89D78800D1F1C9 /* PlayerItem.swift in Sources */ = {isa = PBXBuildFile; fileRef = EFE7D8692B89D78800D1F1C9 /* PlayerItem.swift */; };
/* End PBXBuildFile section */

/* Begin PBXFileReference section */
		EFE7D8512B89CE5A00D1F1C9 /* youtube-mini-player.app */ = {isa = PBXFileReference; explicitFileType = wrapper.application; includeInIndex = 0; path = "youtube-mini-player.app"; sourceTree = BUILT_PRODUCTS_DIR; };
		EFE7D8542B89CE5A00D1F1C9 /* youtube_mini_playerApp.swift */ = {isa = PBXFileReference; lastKnownFileType = sourcecode.swift; path = youtube_mini_playerApp.swift; sourceTree = "<group>"; };
		EFE7D8562B89CE5A00D1F1C9 /* ContentView.swift */ = {isa = PBXFileReference; lastKnownFileType = sourcecode.swift; path = ContentView.swift; sourceTree = "<group>"; };
		EFE7D8582B89CE5B00D1F1C9 /* Assets.xcassets */ = {isa = PBXFileReference; lastKnownFileType = folder.assetcatalog; path = Assets.xcassets; sourceTree = "<group>"; };
		EFE7D85B2B89CE5B00D1F1C9 /* Preview Assets.xcassets */ = {isa = PBXFileReference; lastKnownFileType = folder.assetcatalog; path = "Preview Assets.xcassets"; sourceTree = "<group>"; };
		EFE7D8622B89CEAC00D1F1C9 /* README.md */ = {isa = PBXFileReference; lastKnownFileType = net.daringfireball.markdown; path = README.md; sourceTree = "<group>"; };
		EFE7D8652B89CF5C00D1F1C9 /* Tab.swift */ = {isa = PBXFileReference; lastKnownFileType = sourcecode.swift; path = Tab.swift; sourceTree = "<group>"; };
		EFE7D8672B89CFEE00D1F1C9 /* Home.swift */ = {isa = PBXFileReference; lastKnownFileType = sourcecode.swift; path = Home.swift; sourceTree = "<group>"; };
		EFE7D8692B89D78800D1F1C9 /* PlayerItem.swift */ = {isa = PBXFileReference; lastKnownFileType = sourcecode.swift; path = PlayerItem.swift; sourceTree = "<group>"; };
/* End PBXFileReference section */

/* Begin PBXFrameworksBuildPhase section */
		EFE7D84E2B89CE5A00D1F1C9 /* Frameworks */ = {
			isa = PBXFrameworksBuildPhase;
			buildActionMask = 2147483647;
			files = (
			);
			runOnlyForDeploymentPostprocessing = 0;
		};
/* End PBXFrameworksBuildPhase section */

/* Begin PBXGroup section */
		EFE7D8482B89CE5A00D1F1C9 = {
			isa = PBXGroup;
			children = (
				EFE7D8622B89CEAC00D1F1C9 /* README.md */,
				EFE7D8532B89CE5A00D1F1C9 /* youtube-mini-player */,
				EFE7D8522B89CE5A00D1F1C9 /* Products */,
			);
			sourceTree = "<group>";
		};
		EFE7D8522B89CE5A00D1F1C9 /* Products */ = {
			isa = PBXGroup;
			children = (
				EFE7D8512B89CE5A00D1F1C9 /* youtube-mini-player.app */,
			);
			name = Products;
			sourceTree = "<group>";
		};
		EFE7D8532B89CE5A00D1F1C9 /* youtube-mini-player */ = {
			isa = PBXGroup;
			children = (
				EFE7D8632B89CF4500D1F1C9 /* View */,
				EFE7D8642B89CF4C00D1F1C9 /* Model */,
				EFE7D8542B89CE5A00D1F1C9 /* youtube_mini_playerApp.swift */,
				EFE7D8562B89CE5A00D1F1C9 /* ContentView.swift */,
				EFE7D8582B89CE5B00D1F1C9 /* Assets.xcassets */,
				EFE7D85A2B89CE5B00D1F1C9 /* Preview Content */,
			);
			path = "youtube-mini-player";
			sourceTree = "<group>";
		};
		EFE7D85A2B89CE5B00D1F1C9 /* Preview Content */ = {
			isa = PBXGroup;
			children = (
				EFE7D85B2B89CE5B00D1F1C9 /* Preview Assets.xcassets */,
			);
			path = "Preview Content";
			sourceTree = "<group>";
		};
		EFE7D8632B89CF4500D1F1C9 /* View */ = {
			isa = PBXGroup;
			children = (
				EFE7D8672B89CFEE00D1F1C9 /* Home.swift */,
			);
			path = View;
			sourceTree = "<group>";
		};
		EFE7D8642B89CF4C00D1F1C9 /* Model */ = {
			isa = PBXGroup;
			children = (
				EFE7D8652B89CF5C00D1F1C9 /* Tab.swift */,
				EFE7D8692B89D78800D1F1C9 /* PlayerItem.swift */,
			);
			path = Model;
			sourceTree = "<group>";
		};
/* End PBXGroup section */

/* Begin PBXNativeTarget section */
		EFE7D8502B89CE5A00D1F1C9 /* youtube-mini-player */ = {
			isa = PBXNativeTarget;
			buildConfigurationList = EFE7D85F2B89CE5B00D1F1C9 /* Build configuration list for PBXNativeTarget "youtube-mini-player" */;
			buildPhases = (
				EFE7D84D2B89CE5A00D1F1C9 /* Sources */,
				EFE7D84E2B89CE5A00D1F1C9 /* Frameworks */,
				EFE7D84F2B89CE5A00D1F1C9 /* Resources */,
			);
			buildRules = (
			);
			dependencies = (
			);
			name = "youtube-mini-player";
			productName = "youtube-mini-player";
			productReference = EFE7D8512B89CE5A00D1F1C9 /* youtube-mini-player.app */;
			productType = "com.apple.product-type.application";
		};
/* End PBXNativeTarget section */

/* Begin PBXProject section */
		EFE7D8492B89CE5A00D1F1C9 /* Project object */ = {
			isa = PBXProject;
			attributes = {
				BuildIndependentTargetsInParallel = 1;
				LastSwiftUpdateCheck = 1520;
				LastUpgradeCheck = 1520;
				TargetAttributes = {
					EFE7D8502B89CE5A00D1F1C9 = {
						CreatedOnToolsVersion = 15.2;
					};
				};
			};
			buildConfigurationList = EFE7D84C2B89CE5A00D1F1C9 /* Build configuration list for PBXProject "youtube-mini-player" */;
			compatibilityVersion = "Xcode 14.0";
			developmentRegion = en;
			hasScannedForEncodings = 0;
			knownRegions = (
				en,
				Base,
			);
			mainGroup = EFE7D8482B89CE5A00D1F1C9;
			productRefGroup = EFE7D8522B89CE5A00D1F1C9 /* Products */;
			projectDirPath = "";
			projectRoot = "";
			targets = (
				EFE7D8502B89CE5A00D1F1C9 /* youtube-mini-player */,
			);
		};
/* End PBXProject section */

/* Begin PBXResourcesBuildPhase section */
		EFE7D84F2B89CE5A00D1F1C9 /* Resources */ = {
			isa = PBXResourcesBuildPhase;
			buildActionMask = 2147483647;
			files = (
				EFE7D85C2B89CE5B00D1F1C9 /* Preview Assets.xcassets in Resources */,
				EFE7D8592B89CE5B00D1F1C9 /* Assets.xcassets in Resources */,
			);
			runOnlyForDeploymentPostprocessing = 0;
		};
/* End PBXResourcesBuildPhase section */

/* Begin PBXSourcesBuildPhase section */
		EFE7D84D2B89CE5A00D1F1C9 /* Sources */ = {
			isa = PBXSourcesBuildPhase;
			buildActionMask = 2147483647;
			files = (
				EFE7D8662B89CF5C00D1F1C9 /* Tab.swift in Sources */,
				EFE7D8572B89CE5A00D1F1C9 /* ContentView.swift in Sources */,
				EFE7D86A2B89D78800D1F1C9 /* PlayerItem.swift in Sources */,
				EFE7D8682B89CFEE00D1F1C9 /* Home.swift in Sources */,
				EFE7D8552B89CE5A00D1F1C9 /* youtube_mini_playerApp.swift in Sources */,
			);
			runOnlyForDeploymentPostprocessing = 0;
		};
/* End PBXSourcesBuildPhase section */

/* Begin XCBuildConfiguration section */
		EFE7D85D2B89CE5B00D1F1C9 /* Debug */ = {
			isa = XCBuildConfiguration;
			buildSettings = {
				ALWAYS_SEARCH_USER_PATHS = NO;
				ASSETCATALOG_COMPILER_GENERATE_SWIFT_ASSET_SYMBOL_EXTENSIONS = YES;
				CLANG_ANALYZER_NONNULL = YES;
				CLANG_ANALYZER_NUMBER_OBJECT_CONVERSION = YES_AGGRESSIVE;
				CLANG_CXX_LANGUAGE_STANDARD = "gnu++20";
				CLANG_ENABLE_MODULES = YES;
				CLANG_ENABLE_OBJC_ARC = YES;
				CLANG_ENABLE_OBJC_WEAK = YES;
				CLANG_WARN_BLOCK_CAPTURE_AUTORELEASING = YES;
				CLANG_WARN_BOOL_CONVERSION = YES;
				CLANG_WARN_COMMA = YES;
				CLANG_WARN_CONSTANT_CONVERSION = YES;
				CLANG_WARN_DEPRECATED_OBJC_IMPLEMENTATIONS = YES;
				CLANG_WARN_DIRECT_OBJC_ISA_USAGE = YES_ERROR;
				CLANG_WARN_DOCUMENTATION_COMMENTS = YES;
				CLANG_WARN_EMPTY_BODY = YES;
				CLANG_WARN_ENUM_CONVERSION = YES;
				CLANG_WARN_INFINITE_RECURSION = YES;
				CLANG_WARN_INT_CONVERSION = YES;
				CLANG_WARN_NON_LITERAL_NULL_CONVERSION = YES;
				CLANG_WARN_OBJC_IMPLICIT_RETAIN_SELF = YES;
				CLANG_WARN_OBJC_LITERAL_CONVERSION = YES;
				CLANG_WARN_OBJC_ROOT_CLASS = YES_ERROR;
				CLANG_WARN_QUOTED_INCLUDE_IN_FRAMEWORK_HEADER = YES;
				CLANG_WARN_RANGE_LOOP_ANALYSIS = YES;
				CLANG_WARN_STRICT_PROTOTYPES = YES;
				CLANG_WARN_SUSPICIOUS_MOVE = YES;
				CLANG_WARN_UNGUARDED_AVAILABILITY = YES_AGGRESSIVE;
				CLANG_WARN_UNREACHABLE_CODE = YES;
				CLANG_WARN__DUPLICATE_METHOD_MATCH = YES;
				COPY_PHASE_STRIP = NO;
				DEBUG_INFORMATION_FORMAT = dwarf;
				ENABLE_STRICT_OBJC_MSGSEND = YES;
				ENABLE_TESTABILITY = YES;
				ENABLE_USER_SCRIPT_SANDBOXING = YES;
				GCC_C_LANGUAGE_STANDARD = gnu17;
				GCC_DYNAMIC_NO_PIC = NO;
				GCC_NO_COMMON_BLOCKS = YES;
				GCC_OPTIMIZATION_LEVEL = 0;
				GCC_PREPROCESSOR_DEFINITIONS = (
					"DEBUG=1",
					"$(inherited)",
				);
				GCC_WARN_64_TO_32_BIT_CONVERSION = YES;
				GCC_WARN_ABOUT_RETURN_TYPE = YES_ERROR;
				GCC_WARN_UNDECLARED_SELECTOR = YES;
				GCC_WARN_UNINITIALIZED_AUTOS = YES_AGGRESSIVE;
				GCC_WARN_UNUSED_FUNCTION = YES;
				GCC_WARN_UNUSED_VARIABLE = YES;
				IPHONEOS_DEPLOYMENT_TARGET = 17.2;
				LOCALIZATION_PREFERS_STRING_CATALOGS = YES;
				MTL_ENABLE_DEBUG_INFO = INCLUDE_SOURCE;
				MTL_FAST_MATH = YES;
				ONLY_ACTIVE_ARCH = YES;
				SDKROOT = iphoneos;
				SWIFT_ACTIVE_COMPILATION_CONDITIONS = "DEBUG $(inherited)";
				SWIFT_OPTIMIZATION_LEVEL = "-Onone";
			};
			name = Debug;
		};
		EFE7D85E2B89CE5B00D1F1C9 /* Release */ = {
			isa = XCBuildConfiguration;
			buildSettings = {
				ALWAYS_SEARCH_USER_PATHS = NO;
				ASSETCATALOG_COMPILER_GENERATE_SWIFT_ASSET_SYMBOL_EXTENSIONS = YES;
				CLANG_ANALYZER_NONNULL = YES;
				CLANG_ANALYZER_NUMBER_OBJECT_CONVERSION = YES_AGGRESSIVE;
				CLANG_CXX_LANGUAGE_STANDARD = "gnu++20";
				CLANG_ENABLE_MODULES = YES;
				CLANG_ENABLE_OBJC_ARC = YES;
				CLANG_ENABLE_OBJC_WEAK = YES;
				CLANG_WARN_BLOCK_CAPTURE_AUTORELEASING = YES;
				CLANG_WARN_BOOL_CONVERSION = YES;
				CLANG_WARN_COMMA = YES;
				CLANG_WARN_CONSTANT_CONVERSION = YES;
				CLANG_WARN_DEPRECATED_OBJC_IMPLEMENTATIONS = YES;
				CLANG_WARN_DIRECT_OBJC_ISA_USAGE = YES_ERROR;
				CLANG_WARN_DOCUMENTATION_COMMENTS = YES;
				CLANG_WARN_EMPTY_BODY = YES;
				CLANG_WARN_ENUM_CONVERSION = YES;
				CLANG_WARN_INFINITE_RECURSION = YES;
				CLANG_WARN_INT_CONVERSION = YES;
				CLANG_WARN_NON_LITERAL_NULL_CONVERSION = YES;
				CLANG_WARN_OBJC_IMPLICIT_RETAIN_SELF = YES;
				CLANG_WARN_OBJC_LITERAL_CONVERSION = YES;
				CLANG_WARN_OBJC_ROOT_CLASS = YES_ERROR;
				CLANG_WARN_QUOTED_INCLUDE_IN_FRAMEWORK_HEADER = YES;
				CLANG_WARN_RANGE_LOOP_ANALYSIS = YES;
				CLANG_WARN_STRICT_PROTOTYPES = YES;
				CLANG_WARN_SUSPICIOUS_MOVE = YES;
				CLANG_WARN_UNGUARDED_AVAILABILITY = YES_AGGRESSIVE;
				CLANG_WARN_UNREACHABLE_CODE = YES;
				CLANG_WARN__DUPLICATE_METHOD_MATCH = YES;
				COPY_PHASE_STRIP = NO;
				DEBUG_INFORMATION_FORMAT = "dwarf-with-dsym";
				ENABLE_NS_ASSERTIONS = NO;
				ENABLE_STRICT_OBJC_MSGSEND = YES;
				ENABLE_USER_SCRIPT_SANDBOXING = YES;
				GCC_C_LANGUAGE_STANDARD = gnu17;
				GCC_NO_COMMON_BLOCKS = YES;
				GCC_WARN_64_TO_32_BIT_CONVERSION = YES;
				GCC_WARN_ABOUT_RETURN_TYPE = YES_ERROR;
				GCC_WARN_UNDECLARED_SELECTOR = YES;
				GCC_WARN_UNINITIALIZED_AUTOS = YES_AGGRESSIVE;
				GCC_WARN_UNUSED_FUNCTION = YES;
				GCC_WARN_UNUSED_VARIABLE = YES;
				IPHONEOS_DEPLOYMENT_TARGET = 17.2;
				LOCALIZATION_PREFERS_STRING_CATALOGS = YES;
				MTL_ENABLE_DEBUG_INFO = NO;
				MTL_FAST_MATH = YES;
				SDKROOT = iphoneos;
				SWIFT_COMPILATION_MODE = wholemodule;
				VALIDATE_PRODUCT = YES;
			};
			name = Release;
		};
		EFE7D8602B89CE5B00D1F1C9 /* Debug */ = {
			isa = XCBuildConfiguration;
			buildSettings = {
				ASSETCATALOG_COMPILER_APPICON_NAME = AppIcon;
				ASSETCATALOG_COMPILER_GLOBAL_ACCENT_COLOR_NAME = AccentColor;
				CODE_SIGN_STYLE = Automatic;
				CURRENT_PROJECT_VERSION = 1;
				DEVELOPMENT_ASSET_PATHS = "\"youtube-mini-player/Preview Content\"";
				DEVELOPMENT_TEAM = CFBV6A4UV7;
				ENABLE_PREVIEWS = YES;
				GENERATE_INFOPLIST_FILE = YES;
				INFOPLIST_KEY_UIApplicationSceneManifest_Generation = YES;
				INFOPLIST_KEY_UIApplicationSupportsIndirectInputEvents = YES;
				INFOPLIST_KEY_UILaunchScreen_Generation = YES;
				INFOPLIST_KEY_UISupportedInterfaceOrientations_iPad = "UIInterfaceOrientationPortrait UIInterfaceOrientationPortraitUpsideDown UIInterfaceOrientationLandscapeLeft UIInterfaceOrientationLandscapeRight";
				INFOPLIST_KEY_UISupportedInterfaceOrientations_iPhone = "UIInterfaceOrientationPortrait UIInterfaceOrientationLandscapeLeft UIInterfaceOrientationLandscapeRight";
				LD_RUNPATH_SEARCH_PATHS = (
					"$(inherited)",
					"@executable_path/Frameworks",
				);
				MARKETING_VERSION = 1.0;
				PRODUCT_BUNDLE_IDENTIFIER = "jp.co.shlab.youtube-mini-player";
				PRODUCT_NAME = "$(TARGET_NAME)";
				SWIFT_EMIT_LOC_STRINGS = YES;
				SWIFT_VERSION = 5.0;
				TARGETED_DEVICE_FAMILY = "1,2";
			};
			name = Debug;
		};
		EFE7D8612B89CE5B00D1F1C9 /* Release */ = {
			isa = XCBuildConfiguration;
			buildSettings = {
				ASSETCATALOG_COMPILER_APPICON_NAME = AppIcon;
				ASSETCATALOG_COMPILER_GLOBAL_ACCENT_COLOR_NAME = AccentColor;
				CODE_SIGN_STYLE = Automatic;
				CURRENT_PROJECT_VERSION = 1;
				DEVELOPMENT_ASSET_PATHS = "\"youtube-mini-player/Preview Content\"";
				DEVELOPMENT_TEAM = CFBV6A4UV7;
				ENABLE_PREVIEWS = YES;
				GENERATE_INFOPLIST_FILE = YES;
				INFOPLIST_KEY_UIApplicationSceneManifest_Generation = YES;
				INFOPLIST_KEY_UIApplicationSupportsIndirectInputEvents = YES;
				INFOPLIST_KEY_UILaunchScreen_Generation = YES;
				INFOPLIST_KEY_UISupportedInterfaceOrientations_iPad = "UIInterfaceOrientationPortrait UIInterfaceOrientationPortraitUpsideDown UIInterfaceOrientationLandscapeLeft UIInterfaceOrientationLandscapeRight";
				INFOPLIST_KEY_UISupportedInterfaceOrientations_iPhone = "UIInterfaceOrientationPortrait UIInterfaceOrientationLandscapeLeft UIInterfaceOrientationLandscapeRight";
				LD_RUNPATH_SEARCH_PATHS = (
					"$(inherited)",
					"@executable_path/Frameworks",
				);
				MARKETING_VERSION = 1.0;
				PRODUCT_BUNDLE_IDENTIFIER = "jp.co.shlab.youtube-mini-player";
				PRODUCT_NAME = "$(TARGET_NAME)";
				SWIFT_EMIT_LOC_STRINGS = YES;
				SWIFT_VERSION = 5.0;
				TARGETED_DEVICE_FAMILY = "1,2";
			};
			name = Release;
		};
/* End XCBuildConfiguration section */

/* Begin XCConfigurationList section */
		EFE7D84C2B89CE5A00D1F1C9 /* Build configuration list for PBXProject "youtube-mini-player" */ = {
			isa = XCConfigurationList;
			buildConfigurations = (
				EFE7D85D2B89CE5B00D1F1C9 /* Debug */,
				EFE7D85E2B89CE5B00D1F1C9 /* Release */,
			);
			defaultConfigurationIsVisible = 0;
			defaultConfigurationName = Release;
		};
		EFE7D85F2B89CE5B00D1F1C9 /* Build configuration list for PBXNativeTarget "youtube-mini-player" */ = {
			isa = XCConfigurationList;
			buildConfigurations = (
				EFE7D8602B89CE5B00D1F1C9 /* Debug */,
				EFE7D8612B89CE5B00D1F1C9 /* Release */,
			);
			defaultConfigurationIsVisible = 0;
			defaultConfigurationName = Release;
		};
/* End XCConfigurationList section */
	};
	rootObject = EFE7D8492B89CE5A00D1F1C9 /* Project object */;
}
